
Microsoft Visual Studio Solution File, Format Version 12.00
# Visual Studio Version 16
VisualStudioVersion = 16.0.31005.135
MinimumVisualStudioVersion = 10.0.40219.1
Project("{FAE04EC0-301F-11D3-BF4B-00C04F79EFBC}") = "PRN Final Project", "PRN Final Project\PRN Final Project.csproj", "{AA04419F-F182-4A52-887F-C684644A0025}"
EndProject
Global
	GlobalSection(SolutionConfigurationPlatforms) = preSolution
		Debug|Any CPU = Debug|Any CPU
		Release|Any CPU = Release|Any CPU
	EndGlobalSection
	GlobalSection(ProjectConfigurationPlatforms) = postSolution
		{AA04419F-F182-4A52-887F-C684644A0025}.Debug|Any CPU.ActiveCfg = Debug|Any CPU
		{AA04419F-F182-4A52-887F-C684644A0025}.Debug|Any CPU.Build.0 = Debug|Any CPU
		{AA04419F-F182-4A52-887F-C684644A0025}.Release|Any CPU.ActiveCfg = Release|Any CPU
		{AA04419F-F182-4A52-887F-C684644A0025}.Release|Any CPU.Build.0 = Release|Any CPU
	EndGlobalSection
	GlobalSection(SolutionProperties) = preSolution
		HideSolutionNode = FALSE
	EndGlobalSection
	GlobalSection(ExtensibilityGlobals) = postSolution
		SolutionGuid = {B5F23965-09E2-43B6-AC20-BCB2F90976BD}
	EndGlobalSection
EndGlobal
